
Microsoft Visual Studio Solution File, Format Version 12.00
# Visual Studio Version 17
VisualStudioVersion = 17.9.34728.123
MinimumVisualStudioVersion = 10.0.40219.1
Project("{FAE04EC0-301F-11D3-BF4B-00C04F79EFBC}") = "Attributes", "Attributes\Attributes.csproj", "{AD79DC0B-923B-461A-B7FB-10F365B75AC5}"
EndProject
Global
	GlobalSection(SolutionConfigurationPlatforms) = preSolution
		Debug|Any CPU = Debug|Any CPU
		Release|Any CPU = Release|Any CPU
	EndGlobalSection
	GlobalSection(ProjectConfigurationPlatforms) = postSolution
		{AD79DC0B-923B-461A-B7FB-10F365B75AC5}.Debug|Any CPU.ActiveCfg = Debug|Any CPU
		{AD79DC0B-923B-461A-B7FB-10F365B75AC5}.Debug|Any CPU.Build.0 = Debug|Any CPU
		{AD79DC0B-923B-461A-B7FB-10F365B75AC5}.Release|Any CPU.ActiveCfg = Release|Any CPU
		{AD79DC0B-923B-461A-B7FB-10F365B75AC5}.Release|Any CPU.Build.0 = Release|Any CPU
	EndGlobalSection
	GlobalSection(SolutionProperties) = preSolution
		HideSolutionNode = FALSE
	EndGlobalSection
	GlobalSection(ExtensibilityGlobals) = postSolution
		SolutionGuid = {9B4A278F-5E30-4A56-870E-7ACDE5FBC0AA}
	EndGlobalSection
EndGlobal
