
Microsoft Visual Studio Solution File, Format Version 12.00
# Visual Studio Version 17
VisualStudioVersion = 17.5.002.0
MinimumVisualStudioVersion = 10.0.40219.1
Project("{9A19103F-16F7-4668-BE54-9A1E7A4F7556}") = "Collections_in_C#", "Collections_in_C#\Collections_in_C#.csproj", "{2F2A6E65-E860-4623-A5E2-FB613B75CF5B}"
EndProject
Project("{FAE04EC0-301F-11D3-BF4B-00C04F79EFBC}") = "Task1", "..\..\task1\Task1\Task1\Task1.csproj", "{FDAFA1AC-8233-49D3-BAB8-60ACEB565E90}"
EndProject
Global
	GlobalSection(SolutionConfigurationPlatforms) = preSolution
		Debug|Any CPU = Debug|Any CPU
		Release|Any CPU = Release|Any CPU
	EndGlobalSection
	GlobalSection(ProjectConfigurationPlatforms) = postSolution
		{2F2A6E65-E860-4623-A5E2-FB613B75CF5B}.Debug|Any CPU.ActiveCfg = Debug|Any CPU
		{2F2A6E65-E860-4623-A5E2-FB613B75CF5B}.Debug|Any CPU.Build.0 = Debug|Any CPU
		{2F2A6E65-E860-4623-A5E2-FB613B75CF5B}.Release|Any CPU.ActiveCfg = Release|Any CPU
		{2F2A6E65-E860-4623-A5E2-FB613B75CF5B}.Release|Any CPU.Build.0 = Release|Any CPU
		{FDAFA1AC-8233-49D3-BAB8-60ACEB565E90}.Debug|Any CPU.ActiveCfg = Debug|Any CPU
		{FDAFA1AC-8233-49D3-BAB8-60ACEB565E90}.Debug|Any CPU.Build.0 = Debug|Any CPU
		{FDAFA1AC-8233-49D3-BAB8-60ACEB565E90}.Release|Any CPU.ActiveCfg = Release|Any CPU
		{FDAFA1AC-8233-49D3-BAB8-60ACEB565E90}.Release|Any CPU.Build.0 = Release|Any CPU
	EndGlobalSection
	GlobalSection(SolutionProperties) = preSolution
		HideSolutionNode = FALSE
	EndGlobalSection
	GlobalSection(ExtensibilityGlobals) = postSolution
		SolutionGuid = {CFF816E5-E8FD-4385-B451-5B4E27748B56}
	EndGlobalSection
EndGlobal
