
Microsoft Visual Studio Solution File, Format Version 12.00
# Visual Studio Version 17
VisualStudioVersion = 17.9.34728.123
MinimumVisualStudioVersion = 10.0.40219.1
Project("{FAE04EC0-301F-11D3-BF4B-00C04F79EFBC}") = "q1", "q1\q1.csproj", "{A1BF9812-27BE-4979-B8DE-53A111B1AB8E}"
EndProject
Project("{FAE04EC0-301F-11D3-BF4B-00C04F79EFBC}") = "q1Tests", "q1Tests\q1Tests.csproj", "{7B0562D0-E23D-4B4A-9145-71FDABBD2DFD}"
EndProject
Global
	GlobalSection(SolutionConfigurationPlatforms) = preSolution
		Debug|Any CPU = Debug|Any CPU
		Release|Any CPU = Release|Any CPU
	EndGlobalSection
	GlobalSection(ProjectConfigurationPlatforms) = postSolution
		{A1BF9812-27BE-4979-B8DE-53A111B1AB8E}.Debug|Any CPU.ActiveCfg = Debug|Any CPU
		{A1BF9812-27BE-4979-B8DE-53A111B1AB8E}.Debug|Any CPU.Build.0 = Debug|Any CPU
		{A1BF9812-27BE-4979-B8DE-53A111B1AB8E}.Release|Any CPU.ActiveCfg = Release|Any CPU
		{A1BF9812-27BE-4979-B8DE-53A111B1AB8E}.Release|Any CPU.Build.0 = Release|Any CPU
		{7B0562D0-E23D-4B4A-9145-71FDABBD2DFD}.Debug|Any CPU.ActiveCfg = Debug|Any CPU
		{7B0562D0-E23D-4B4A-9145-71FDABBD2DFD}.Debug|Any CPU.Build.0 = Debug|Any CPU
		{7B0562D0-E23D-4B4A-9145-71FDABBD2DFD}.Release|Any CPU.ActiveCfg = Release|Any CPU
		{7B0562D0-E23D-4B4A-9145-71FDABBD2DFD}.Release|Any CPU.Build.0 = Release|Any CPU
	EndGlobalSection
	GlobalSection(SolutionProperties) = preSolution
		HideSolutionNode = FALSE
	EndGlobalSection
	GlobalSection(ExtensibilityGlobals) = postSolution
		SolutionGuid = {DA26A19F-321C-4AFA-B31F-3AA0F12EA81D}
	EndGlobalSection
EndGlobal
