
Microsoft Visual Studio Solution File, Format Version 12.00
# Visual Studio Version 17
VisualStudioVersion = 17.9.34728.123
MinimumVisualStudioVersion = 10.0.40219.1
Project("{FAE04EC0-301F-11D3-BF4B-00C04F79EFBC}") = "ref_v_out", "ref_v_out\ref_v_out.csproj", "{2602358B-A1CD-453C-B9A8-78DC4066D8A5}"
EndProject
Global
	GlobalSection(SolutionConfigurationPlatforms) = preSolution
		Debug|Any CPU = Debug|Any CPU
		Release|Any CPU = Release|Any CPU
	EndGlobalSection
	GlobalSection(ProjectConfigurationPlatforms) = postSolution
		{2602358B-A1CD-453C-B9A8-78DC4066D8A5}.Debug|Any CPU.ActiveCfg = Debug|Any CPU
		{2602358B-A1CD-453C-B9A8-78DC4066D8A5}.Debug|Any CPU.Build.0 = Debug|Any CPU
		{2602358B-A1CD-453C-B9A8-78DC4066D8A5}.Release|Any CPU.ActiveCfg = Release|Any CPU
		{2602358B-A1CD-453C-B9A8-78DC4066D8A5}.Release|Any CPU.Build.0 = Release|Any CPU
	EndGlobalSection
	GlobalSection(SolutionProperties) = preSolution
		HideSolutionNode = FALSE
	EndGlobalSection
	GlobalSection(ExtensibilityGlobals) = postSolution
		SolutionGuid = {1D1D3EEB-222E-45D2-B3BF-DAB063EAEE4B}
	EndGlobalSection
EndGlobal
