
Microsoft Visual Studio Solution File, Format Version 12.00
# Visual Studio Version 17
VisualStudioVersion = 17.9.34728.123
MinimumVisualStudioVersion = 10.0.40219.1
Project("{FAE04EC0-301F-11D3-BF4B-00C04F79EFBC}") = "Task", "Task\Task.csproj", "{0EEC2528-140A-495D-815E-7DFFDDB771E4}"
EndProject
Project("{FAE04EC0-301F-11D3-BF4B-00C04F79EFBC}") = "Runner", "Runner\Runner.csproj", "{C37E3EE0-5545-458D-BA7C-C568DA8795EC}"
EndProject
Global
	GlobalSection(SolutionConfigurationPlatforms) = preSolution
		Debug|Any CPU = Debug|Any CPU
		Release|Any CPU = Release|Any CPU
	EndGlobalSection
	GlobalSection(ProjectConfigurationPlatforms) = postSolution
		{0EEC2528-140A-495D-815E-7DFFDDB771E4}.Debug|Any CPU.ActiveCfg = Debug|Any CPU
		{0EEC2528-140A-495D-815E-7DFFDDB771E4}.Debug|Any CPU.Build.0 = Debug|Any CPU
		{0EEC2528-140A-495D-815E-7DFFDDB771E4}.Release|Any CPU.ActiveCfg = Release|Any CPU
		{0EEC2528-140A-495D-815E-7DFFDDB771E4}.Release|Any CPU.Build.0 = Release|Any CPU
		{C37E3EE0-5545-458D-BA7C-C568DA8795EC}.Debug|Any CPU.ActiveCfg = Debug|Any CPU
		{C37E3EE0-5545-458D-BA7C-C568DA8795EC}.Debug|Any CPU.Build.0 = Debug|Any CPU
		{C37E3EE0-5545-458D-BA7C-C568DA8795EC}.Release|Any CPU.ActiveCfg = Release|Any CPU
		{C37E3EE0-5545-458D-BA7C-C568DA8795EC}.Release|Any CPU.Build.0 = Release|Any CPU
	EndGlobalSection
	GlobalSection(SolutionProperties) = preSolution
		HideSolutionNode = FALSE
	EndGlobalSection
	GlobalSection(ExtensibilityGlobals) = postSolution
		SolutionGuid = {3638A833-AAA3-4671-8994-4A5AA993B508}
	EndGlobalSection
EndGlobal
