
Microsoft Visual Studio Solution File, Format Version 12.00
# Visual Studio Version 17
VisualStudioVersion = 17.9.34728.123
MinimumVisualStudioVersion = 10.0.40219.1
Project("{FAE04EC0-301F-11D3-BF4B-00C04F79EFBC}") = "q6", "q6\q6.csproj", "{20401FBF-9402-42B9-A7A5-80735B0CE0B9}"
EndProject
Project("{FAE04EC0-301F-11D3-BF4B-00C04F79EFBC}") = "q6Tests", "q6Tests\q6Tests.csproj", "{D41B8617-CA85-46CD-923B-73BF1AB2BDF0}"
EndProject
Global
	GlobalSection(SolutionConfigurationPlatforms) = preSolution
		Debug|Any CPU = Debug|Any CPU
		Release|Any CPU = Release|Any CPU
	EndGlobalSection
	GlobalSection(ProjectConfigurationPlatforms) = postSolution
		{20401FBF-9402-42B9-A7A5-80735B0CE0B9}.Debug|Any CPU.ActiveCfg = Debug|Any CPU
		{20401FBF-9402-42B9-A7A5-80735B0CE0B9}.Debug|Any CPU.Build.0 = Debug|Any CPU
		{20401FBF-9402-42B9-A7A5-80735B0CE0B9}.Release|Any CPU.ActiveCfg = Release|Any CPU
		{20401FBF-9402-42B9-A7A5-80735B0CE0B9}.Release|Any CPU.Build.0 = Release|Any CPU
		{D41B8617-CA85-46CD-923B-73BF1AB2BDF0}.Debug|Any CPU.ActiveCfg = Debug|Any CPU
		{D41B8617-CA85-46CD-923B-73BF1AB2BDF0}.Debug|Any CPU.Build.0 = Debug|Any CPU
		{D41B8617-CA85-46CD-923B-73BF1AB2BDF0}.Release|Any CPU.ActiveCfg = Release|Any CPU
		{D41B8617-CA85-46CD-923B-73BF1AB2BDF0}.Release|Any CPU.Build.0 = Release|Any CPU
	EndGlobalSection
	GlobalSection(SolutionProperties) = preSolution
		HideSolutionNode = FALSE
	EndGlobalSection
	GlobalSection(ExtensibilityGlobals) = postSolution
		SolutionGuid = {E5D3F240-E7ED-4C32-91C6-CB8031BE50F3}
	EndGlobalSection
EndGlobal
