
Microsoft Visual Studio Solution File, Format Version 12.00
# Visual Studio Version 17
VisualStudioVersion = 17.9.34728.123
MinimumVisualStudioVersion = 10.0.40219.1
Project("{FAE04EC0-301F-11D3-BF4B-00C04F79EFBC}") = "Ques2", "Ques2\Ques2.csproj", "{9D7A38F1-F22E-451B-8329-FABE16B15651}"
EndProject
Global
	GlobalSection(SolutionConfigurationPlatforms) = preSolution
		Debug|Any CPU = Debug|Any CPU
		Release|Any CPU = Release|Any CPU
	EndGlobalSection
	GlobalSection(ProjectConfigurationPlatforms) = postSolution
		{9D7A38F1-F22E-451B-8329-FABE16B15651}.Debug|Any CPU.ActiveCfg = Debug|Any CPU
		{9D7A38F1-F22E-451B-8329-FABE16B15651}.Debug|Any CPU.Build.0 = Debug|Any CPU
		{9D7A38F1-F22E-451B-8329-FABE16B15651}.Release|Any CPU.ActiveCfg = Release|Any CPU
		{9D7A38F1-F22E-451B-8329-FABE16B15651}.Release|Any CPU.Build.0 = Release|Any CPU
	EndGlobalSection
	GlobalSection(SolutionProperties) = preSolution
		HideSolutionNode = FALSE
	EndGlobalSection
	GlobalSection(ExtensibilityGlobals) = postSolution
		SolutionGuid = {35696BBF-FDF2-4B15-A346-19D75D32DB66}
	EndGlobalSection
EndGlobal
