
Microsoft Visual Studio Solution File, Format Version 12.00
# Visual Studio Version 17
VisualStudioVersion = 17.5.002.0
MinimumVisualStudioVersion = 10.0.40219.1
Project("{9A19103F-16F7-4668-BE54-9A1E7A4F7556}") = "task1", "task1\task1.csproj", "{52B08627-32CA-4591-B15C-88AA7BF576DA}"
EndProject
Project("{FAE04EC0-301F-11D3-BF4B-00C04F79EFBC}") = "Constructors_in_C#", "..\const_in_c#\Constructors_in_C#\Constructors_in_C#.csproj", "{92916440-683C-4603-873F-67DD988C37AE}"
EndProject
Global
	GlobalSection(SolutionConfigurationPlatforms) = preSolution
		Debug|Any CPU = Debug|Any CPU
		Release|Any CPU = Release|Any CPU
	EndGlobalSection
	GlobalSection(ProjectConfigurationPlatforms) = postSolution
		{52B08627-32CA-4591-B15C-88AA7BF576DA}.Debug|Any CPU.ActiveCfg = Debug|Any CPU
		{52B08627-32CA-4591-B15C-88AA7BF576DA}.Debug|Any CPU.Build.0 = Debug|Any CPU
		{52B08627-32CA-4591-B15C-88AA7BF576DA}.Release|Any CPU.ActiveCfg = Release|Any CPU
		{52B08627-32CA-4591-B15C-88AA7BF576DA}.Release|Any CPU.Build.0 = Release|Any CPU
		{92916440-683C-4603-873F-67DD988C37AE}.Debug|Any CPU.ActiveCfg = Debug|Any CPU
		{92916440-683C-4603-873F-67DD988C37AE}.Debug|Any CPU.Build.0 = Debug|Any CPU
		{92916440-683C-4603-873F-67DD988C37AE}.Release|Any CPU.ActiveCfg = Release|Any CPU
		{92916440-683C-4603-873F-67DD988C37AE}.Release|Any CPU.Build.0 = Release|Any CPU
	EndGlobalSection
	GlobalSection(SolutionProperties) = preSolution
		HideSolutionNode = FALSE
	EndGlobalSection
	GlobalSection(ExtensibilityGlobals) = postSolution
		SolutionGuid = {8DED4DA2-BDE9-44C6-816E-BECC834A7840}
	EndGlobalSection
EndGlobal
