
Microsoft Visual Studio Solution File, Format Version 12.00
# Visual Studio Version 17
VisualStudioVersion = 17.9.34728.123
MinimumVisualStudioVersion = 10.0.40219.1
Project("{FAE04EC0-301F-11D3-BF4B-00C04F79EFBC}") = "WebApplication1", "WebApplication1\WebApplication1.csproj", "{76B78BC4-2568-4949-BEF5-332B96A52414}"
EndProject
Global
	GlobalSection(SolutionConfigurationPlatforms) = preSolution
		Debug|Any CPU = Debug|Any CPU
		Release|Any CPU = Release|Any CPU
	EndGlobalSection
	GlobalSection(ProjectConfigurationPlatforms) = postSolution
		{76B78BC4-2568-4949-BEF5-332B96A52414}.Debug|Any CPU.ActiveCfg = Debug|Any CPU
		{76B78BC4-2568-4949-BEF5-332B96A52414}.Debug|Any CPU.Build.0 = Debug|Any CPU
		{76B78BC4-2568-4949-BEF5-332B96A52414}.Release|Any CPU.ActiveCfg = Release|Any CPU
		{76B78BC4-2568-4949-BEF5-332B96A52414}.Release|Any CPU.Build.0 = Release|Any CPU
	EndGlobalSection
	GlobalSection(SolutionProperties) = preSolution
		HideSolutionNode = FALSE
	EndGlobalSection
	GlobalSection(ExtensibilityGlobals) = postSolution
		SolutionGuid = {433CD403-3B42-4D82-830E-6ACDA4C84CB7}
	EndGlobalSection
EndGlobal
