
Microsoft Visual Studio Solution File, Format Version 12.00
# Visual Studio Version 17
VisualStudioVersion = 17.9.34728.123
MinimumVisualStudioVersion = 10.0.40219.1
Project("{FAE04EC0-301F-11D3-BF4B-00C04F79EFBC}") = "ConsoleApp2", "ConsoleApp2\ConsoleApp2.csproj", "{500DF14F-A3AC-4142-A7B6-51F5FD4DEE89}"
EndProject
Project("{9A19103F-16F7-4668-BE54-9A1E7A4F7556}") = "TestProject1", "TestProject1\TestProject1.csproj", "{0B485399-EF49-491D-A7A6-E4C2F0097157}"
EndProject
Project("{FAE04EC0-301F-11D3-BF4B-00C04F79EFBC}") = "TestProject2", "TestProject2\TestProject2.csproj", "{0B815823-A29B-4DBC-83BA-BB689ABBB968}"
EndProject
Global
	GlobalSection(SolutionConfigurationPlatforms) = preSolution
		Debug|Any CPU = Debug|Any CPU
		Release|Any CPU = Release|Any CPU
	EndGlobalSection
	GlobalSection(ProjectConfigurationPlatforms) = postSolution
		{500DF14F-A3AC-4142-A7B6-51F5FD4DEE89}.Debug|Any CPU.ActiveCfg = Debug|Any CPU
		{500DF14F-A3AC-4142-A7B6-51F5FD4DEE89}.Debug|Any CPU.Build.0 = Debug|Any CPU
		{500DF14F-A3AC-4142-A7B6-51F5FD4DEE89}.Release|Any CPU.ActiveCfg = Release|Any CPU
		{500DF14F-A3AC-4142-A7B6-51F5FD4DEE89}.Release|Any CPU.Build.0 = Release|Any CPU
		{0B485399-EF49-491D-A7A6-E4C2F0097157}.Debug|Any CPU.ActiveCfg = Debug|Any CPU
		{0B485399-EF49-491D-A7A6-E4C2F0097157}.Debug|Any CPU.Build.0 = Debug|Any CPU
		{0B485399-EF49-491D-A7A6-E4C2F0097157}.Release|Any CPU.ActiveCfg = Release|Any CPU
		{0B485399-EF49-491D-A7A6-E4C2F0097157}.Release|Any CPU.Build.0 = Release|Any CPU
		{0B815823-A29B-4DBC-83BA-BB689ABBB968}.Debug|Any CPU.ActiveCfg = Debug|Any CPU
		{0B815823-A29B-4DBC-83BA-BB689ABBB968}.Debug|Any CPU.Build.0 = Debug|Any CPU
		{0B815823-A29B-4DBC-83BA-BB689ABBB968}.Release|Any CPU.ActiveCfg = Release|Any CPU
		{0B815823-A29B-4DBC-83BA-BB689ABBB968}.Release|Any CPU.Build.0 = Release|Any CPU
	EndGlobalSection
	GlobalSection(SolutionProperties) = preSolution
		HideSolutionNode = FALSE
	EndGlobalSection
	GlobalSection(ExtensibilityGlobals) = postSolution
		SolutionGuid = {2B082715-0DA5-4133-BD67-D1FF6A968409}
	EndGlobalSection
EndGlobal
