
Microsoft Visual Studio Solution File, Format Version 12.00
# Visual Studio Version 17
VisualStudioVersion = 17.9.34728.123
MinimumVisualStudioVersion = 10.0.40219.1
Project("{FAE04EC0-301F-11D3-BF4B-00C04F79EFBC}") = "ILogging", "ILogging\ILogging.csproj", "{117D89C9-AFD0-47D1-9136-0EF2FB7D9E3B}"
EndProject
Global
	GlobalSection(SolutionConfigurationPlatforms) = preSolution
		Debug|Any CPU = Debug|Any CPU
		Release|Any CPU = Release|Any CPU
	EndGlobalSection
	GlobalSection(ProjectConfigurationPlatforms) = postSolution
		{117D89C9-AFD0-47D1-9136-0EF2FB7D9E3B}.Debug|Any CPU.ActiveCfg = Debug|Any CPU
		{117D89C9-AFD0-47D1-9136-0EF2FB7D9E3B}.Debug|Any CPU.Build.0 = Debug|Any CPU
		{117D89C9-AFD0-47D1-9136-0EF2FB7D9E3B}.Release|Any CPU.ActiveCfg = Release|Any CPU
		{117D89C9-AFD0-47D1-9136-0EF2FB7D9E3B}.Release|Any CPU.Build.0 = Release|Any CPU
	EndGlobalSection
	GlobalSection(SolutionProperties) = preSolution
		HideSolutionNode = FALSE
	EndGlobalSection
	GlobalSection(ExtensibilityGlobals) = postSolution
		SolutionGuid = {09C8A761-64D7-4B20-82F5-16D3B4058BF8}
	EndGlobalSection
EndGlobal
