
Microsoft Visual Studio Solution File, Format Version 12.00
# Visual Studio Version 17
VisualStudioVersion = 17.9.34728.123
MinimumVisualStudioVersion = 10.0.40219.1
Project("{FAE04EC0-301F-11D3-BF4B-00C04F79EFBC}") = "SingleTon", "SingleTon\SingleTon.csproj", "{475A9AAE-471C-4EF1-A94A-19812DAB1F52}"
EndProject
Global
	GlobalSection(SolutionConfigurationPlatforms) = preSolution
		Debug|Any CPU = Debug|Any CPU
		Release|Any CPU = Release|Any CPU
	EndGlobalSection
	GlobalSection(ProjectConfigurationPlatforms) = postSolution
		{475A9AAE-471C-4EF1-A94A-19812DAB1F52}.Debug|Any CPU.ActiveCfg = Debug|Any CPU
		{475A9AAE-471C-4EF1-A94A-19812DAB1F52}.Debug|Any CPU.Build.0 = Debug|Any CPU
		{475A9AAE-471C-4EF1-A94A-19812DAB1F52}.Release|Any CPU.ActiveCfg = Release|Any CPU
		{475A9AAE-471C-4EF1-A94A-19812DAB1F52}.Release|Any CPU.Build.0 = Release|Any CPU
	EndGlobalSection
	GlobalSection(SolutionProperties) = preSolution
		HideSolutionNode = FALSE
	EndGlobalSection
	GlobalSection(ExtensibilityGlobals) = postSolution
		SolutionGuid = {A849ABCF-7DE1-4A9C-8AA7-903555A3B3ED}
	EndGlobalSection
EndGlobal
